
Microsoft Visual Studio Solution File, Format Version 12.00
# Visual Studio 14
VisualStudioVersion = 14.0.25420.1
MinimumVisualStudioVersion = 10.0.40219.1
Project("{FAE04EC0-301F-11D3-BF4B-00C04F79EFBC}") = "FibonacciNumbers", "FibonacciNumbers\FibonacciNumbers.csproj", "{EE98B17E-9D43-4672-B9A6-A7276F1B40C5}"
EndProject
Project("{FAE04EC0-301F-11D3-BF4B-00C04F79EFBC}") = "FibonacciNumbersTests", "FibonacciNumbersTests\FibonacciNumbersTests.csproj", "{4AE65937-1123-4464-96DA-802BB717DB16}"
EndProject
Global
	GlobalSection(SolutionConfigurationPlatforms) = preSolution
		Debug|Any CPU = Debug|Any CPU
		Release|Any CPU = Release|Any CPU
	EndGlobalSection
	GlobalSection(ProjectConfigurationPlatforms) = postSolution
		{EE98B17E-9D43-4672-B9A6-A7276F1B40C5}.Debug|Any CPU.ActiveCfg = Debug|Any CPU
		{EE98B17E-9D43-4672-B9A6-A7276F1B40C5}.Debug|Any CPU.Build.0 = Debug|Any CPU
		{EE98B17E-9D43-4672-B9A6-A7276F1B40C5}.Release|Any CPU.ActiveCfg = Release|Any CPU
		{EE98B17E-9D43-4672-B9A6-A7276F1B40C5}.Release|Any CPU.Build.0 = Release|Any CPU
		{4AE65937-1123-4464-96DA-802BB717DB16}.Debug|Any CPU.ActiveCfg = Debug|Any CPU
		{4AE65937-1123-4464-96DA-802BB717DB16}.Debug|Any CPU.Build.0 = Debug|Any CPU
		{4AE65937-1123-4464-96DA-802BB717DB16}.Release|Any CPU.ActiveCfg = Release|Any CPU
		{4AE65937-1123-4464-96DA-802BB717DB16}.Release|Any CPU.Build.0 = Release|Any CPU
	EndGlobalSection
	GlobalSection(SolutionProperties) = preSolution
		HideSolutionNode = FALSE
	EndGlobalSection
EndGlobal
